// !$*UTF8*$!
{
	archiveVersion = 1;
	classes = {
	};
	objectVersion = 46;
	objects = {

/* Begin PBXBuildFile section */
		4AACDE6D1C2FC87100547A9C /* main.m in Sources */ = {isa = PBXBuildFile; fileRef = 4AACDE6C1C2FC87100547A9C /* main.m */; };
		4AACDE701C2FC87100547A9C /* AppDelegate.m in Sources */ = {isa = PBXBuildFile; fileRef = 4AACDE6F1C2FC87100547A9C /* AppDelegate.m */; };
		4AACDE731C2FC87100547A9C /* FactDetailViewController.m in Sources */ = {isa = PBXBuildFile; fileRef = 4AACDE721C2FC87100547A9C /* FactDetailViewController.m */; };
		4AACDE761C2FC87100547A9C /* Main.storyboard in Resources */ = {isa = PBXBuildFile; fileRef = 4AACDE741C2FC87100547A9C /* Main.storyboard */; };
		4AACDE781C2FC87100547A9C /* Assets.xcassets in Resources */ = {isa = PBXBuildFile; fileRef = 4AACDE771C2FC87100547A9C /* Assets.xcassets */; };
		4AACDE7B1C2FC87100547A9C /* LaunchScreen.storyboard in Resources */ = {isa = PBXBuildFile; fileRef = 4AACDE791C2FC87100547A9C /* LaunchScreen.storyboard */; };
		4AACDE861C2FC87100547A9C /* RomanFactsTests.m in Sources */ = {isa = PBXBuildFile; fileRef = 4AACDE851C2FC87100547A9C /* RomanFactsTests.m */; };
		4AACDE911C2FC87100547A9C /* RomanFactsUITests.m in Sources */ = {isa = PBXBuildFile; fileRef = 4AACDE901C2FC87100547A9C /* RomanFactsUITests.m */; };
		4AACDEA01C2FCD3900547A9C /* FactBook.m in Sources */ = {isa = PBXBuildFile; fileRef = 4AACDE9F1C2FCD3900547A9C /* FactBook.m */; settings = {ASSET_TAGS = (); }; };
		4AACDEA31C2FCD8900547A9C /* ColorWheel.m in Sources */ = {isa = PBXBuildFile; fileRef = 4AACDEA21C2FCD8900547A9C /* ColorWheel.m */; settings = {ASSET_TAGS = (); }; };
		4AAF9DC21C3214AB00B57FA9 /* FactCategoriesMasterDetailViewController.m in Sources */ = {isa = PBXBuildFile; fileRef = 4AAF9DC11C3214AB00B57FA9 /* FactCategoriesMasterDetailViewController.m */; settings = {ASSET_TAGS = (); }; };
/* End PBXBuildFile section */

/* Begin PBXContainerItemProxy section */
		4AACDE821C2FC87100547A9C /* PBXContainerItemProxy */ = {
			isa = PBXContainerItemProxy;
			containerPortal = 4AACDE601C2FC87100547A9C /* Project object */;
			proxyType = 1;
			remoteGlobalIDString = 4AACDE671C2FC87100547A9C;
			remoteInfo = RomanFacts;
		};
		4AACDE8D1C2FC87100547A9C /* PBXContainerItemProxy */ = {
			isa = PBXContainerItemProxy;
			containerPortal = 4AACDE601C2FC87100547A9C /* Project object */;
			proxyType = 1;
			remoteGlobalIDString = 4AACDE671C2FC87100547A9C;
			remoteInfo = RomanFacts;
		};
/* End PBXContainerItemProxy section */

/* Begin PBXFileReference section */
		4AACDE681C2FC87100547A9C /* RomanFacts.app */ = {isa = PBXFileReference; explicitFileType = wrapper.application; includeInIndex = 0; path = RomanFacts.app; sourceTree = BUILT_PRODUCTS_DIR; };
		4AACDE6C1C2FC87100547A9C /* main.m */ = {isa = PBXFileReference; lastKnownFileType = sourcecode.c.objc; path = main.m; sourceTree = "<group>"; };
		4AACDE6E1C2FC87100547A9C /* AppDelegate.h */ = {isa = PBXFileReference; lastKnownFileType = sourcecode.c.h; path = AppDelegate.h; sourceTree = "<group>"; };
		4AACDE6F1C2FC87100547A9C /* AppDelegate.m */ = {isa = PBXFileReference; lastKnownFileType = sourcecode.c.objc; path = AppDelegate.m; sourceTree = "<group>"; };
		4AACDE711C2FC87100547A9C /* FactDetailViewController.h */ = {isa = PBXFileReference; lastKnownFileType = sourcecode.c.h; path = FactDetailViewController.h; sourceTree = "<group>"; };
		4AACDE721C2FC87100547A9C /* FactDetailViewController.m */ = {isa = PBXFileReference; lastKnownFileType = sourcecode.c.objc; path = FactDetailViewController.m; sourceTree = "<group>"; };
		4AACDE751C2FC87100547A9C /* Base */ = {isa = PBXFileReference; lastKnownFileType = file.storyboard; name = Base; path = Base.lproj/Main.storyboard; sourceTree = "<group>"; };
		4AACDE771C2FC87100547A9C /* Assets.xcassets */ = {isa = PBXFileReference; lastKnownFileType = folder.assetcatalog; path = Assets.xcassets; sourceTree = "<group>"; };
		4AACDE7A1C2FC87100547A9C /* Base */ = {isa = PBXFileReference; lastKnownFileType = file.storyboard; name = Base; path = Base.lproj/LaunchScreen.storyboard; sourceTree = "<group>"; };
		4AACDE7C1C2FC87100547A9C /* Info.plist */ = {isa = PBXFileReference; lastKnownFileType = text.plist.xml; path = Info.plist; sourceTree = "<group>"; };
		4AACDE811C2FC87100547A9C /* RomanFactsTests.xctest */ = {isa = PBXFileReference; explicitFileType = wrapper.cfbundle; includeInIndex = 0; path = RomanFactsTests.xctest; sourceTree = BUILT_PRODUCTS_DIR; };
		4AACDE851C2FC87100547A9C /* RomanFactsTests.m */ = {isa = PBXFileReference; lastKnownFileType = sourcecode.c.objc; path = RomanFactsTests.m; sourceTree = "<group>"; };
		4AACDE871C2FC87100547A9C /* Info.plist */ = {isa = PBXFileReference; lastKnownFileType = text.plist.xml; path = Info.plist; sourceTree = "<group>"; };
		4AACDE8C1C2FC87100547A9C /* RomanFactsUITests.xctest */ = {isa = PBXFileReference; explicitFileType = wrapper.cfbundle; includeInIndex = 0; path = RomanFactsUITests.xctest; sourceTree = BUILT_PRODUCTS_DIR; };
		4AACDE901C2FC87100547A9C /* RomanFactsUITests.m */ = {isa = PBXFileReference; lastKnownFileType = sourcecode.c.objc; path = RomanFactsUITests.m; sourceTree = "<group>"; };
		4AACDE921C2FC87100547A9C /* Info.plist */ = {isa = PBXFileReference; lastKnownFileType = text.plist.xml; path = Info.plist; sourceTree = "<group>"; };
		4AACDE9E1C2FCD3900547A9C /* FactBook.h */ = {isa = PBXFileReference; fileEncoding = 4; lastKnownFileType = sourcecode.c.h; path = FactBook.h; sourceTree = "<group>"; };
		4AACDE9F1C2FCD3900547A9C /* FactBook.m */ = {isa = PBXFileReference; fileEncoding = 4; lastKnownFileType = sourcecode.c.objc; path = FactBook.m; sourceTree = "<group>"; };
		4AACDEA11C2FCD8900547A9C /* ColorWheel.h */ = {isa = PBXFileReference; fileEncoding = 4; lastKnownFileType = sourcecode.c.h; path = ColorWheel.h; sourceTree = "<group>"; };
		4AACDEA21C2FCD8900547A9C /* ColorWheel.m */ = {isa = PBXFileReference; fileEncoding = 4; lastKnownFileType = sourcecode.c.objc; path = ColorWheel.m; sourceTree = "<group>"; };
		4AAF9DC01C3214AB00B57FA9 /* FactCategoriesMasterDetailViewController.h */ = {isa = PBXFileReference; fileEncoding = 4; lastKnownFileType = sourcecode.c.h; path = FactCategoriesMasterDetailViewController.h; sourceTree = "<group>"; };
		4AAF9DC11C3214AB00B57FA9 /* FactCategoriesMasterDetailViewController.m */ = {isa = PBXFileReference; fileEncoding = 4; lastKnownFileType = sourcecode.c.objc; path = FactCategoriesMasterDetailViewController.m; sourceTree = "<group>"; };
/* End PBXFileReference section */

/* Begin PBXFrameworksBuildPhase section */
		4AACDE651C2FC87100547A9C /* Frameworks */ = {
			isa = PBXFrameworksBuildPhase;
			buildActionMask = 2147483647;
			files = (
			);
			runOnlyForDeploymentPostprocessing = 0;
		};
		4AACDE7E1C2FC87100547A9C /* Frameworks */ = {
			isa = PBXFrameworksBuildPhase;
			buildActionMask = 2147483647;
			files = (
			);
			runOnlyForDeploymentPostprocessing = 0;
		};
		4AACDE891C2FC87100547A9C /* Frameworks */ = {
			isa = PBXFrameworksBuildPhase;
			buildActionMask = 2147483647;
			files = (
			);
			runOnlyForDeploymentPostprocessing = 0;
		};
/* End PBXFrameworksBuildPhase section */

/* Begin PBXGroup section */
		4AACDE5F1C2FC87100547A9C = {
			isa = PBXGroup;
			children = (
				4AACDE6A1C2FC87100547A9C /* RomanFacts */,
				4AACDE841C2FC87100547A9C /* RomanFactsTests */,
				4AACDE8F1C2FC87100547A9C /* RomanFactsUITests */,
				4AACDE691C2FC87100547A9C /* Products */,
			);
			sourceTree = "<group>";
		};
		4AACDE691C2FC87100547A9C /* Products */ = {
			isa = PBXGroup;
			children = (
				4AACDE681C2FC87100547A9C /* RomanFacts.app */,
				4AACDE811C2FC87100547A9C /* RomanFactsTests.xctest */,
				4AACDE8C1C2FC87100547A9C /* RomanFactsUITests.xctest */,
			);
			name = Products;
			sourceTree = "<group>";
		};
		4AACDE6A1C2FC87100547A9C /* RomanFacts */ = {
			isa = PBXGroup;
			children = (
				4AACDE6E1C2FC87100547A9C /* AppDelegate.h */,
				4AACDE6F1C2FC87100547A9C /* AppDelegate.m */,
				4AACDE711C2FC87100547A9C /* FactDetailViewController.h */,
				4AACDE721C2FC87100547A9C /* FactDetailViewController.m */,
				4AAF9DC01C3214AB00B57FA9 /* FactCategoriesMasterDetailViewController.h */,
				4AAF9DC11C3214AB00B57FA9 /* FactCategoriesMasterDetailViewController.m */,
				4AACDE9E1C2FCD3900547A9C /* FactBook.h */,
				4AACDE9F1C2FCD3900547A9C /* FactBook.m */,
				4AACDEA11C2FCD8900547A9C /* ColorWheel.h */,
				4AACDEA21C2FCD8900547A9C /* ColorWheel.m */,
				4AACDE741C2FC87100547A9C /* Main.storyboard */,
				4AACDE771C2FC87100547A9C /* Assets.xcassets */,
				4AACDE791C2FC87100547A9C /* LaunchScreen.storyboard */,
				4AACDE7C1C2FC87100547A9C /* Info.plist */,
				4AACDE6B1C2FC87100547A9C /* Supporting Files */,
			);
			path = RomanFacts;
			sourceTree = "<group>";
		};
		4AACDE6B1C2FC87100547A9C /* Supporting Files */ = {
			isa = PBXGroup;
			children = (
				4AACDE6C1C2FC87100547A9C /* main.m */,
			);
			name = "Supporting Files";
			sourceTree = "<group>";
		};
		4AACDE841C2FC87100547A9C /* RomanFactsTests */ = {
			isa = PBXGroup;
			children = (
				4AACDE851C2FC87100547A9C /* RomanFactsTests.m */,
				4AACDE871C2FC87100547A9C /* Info.plist */,
			);
			path = RomanFactsTests;
			sourceTree = "<group>";
		};
		4AACDE8F1C2FC87100547A9C /* RomanFactsUITests */ = {
			isa = PBXGroup;
			children = (
				4AACDE901C2FC87100547A9C /* RomanFactsUITests.m */,
				4AACDE921C2FC87100547A9C /* Info.plist */,
			);
			path = RomanFactsUITests;
			sourceTree = "<group>";
		};
/* End PBXGroup section */

/* Begin PBXNativeTarget section */
		4AACDE671C2FC87100547A9C /* RomanFacts */ = {
			isa = PBXNativeTarget;
			buildConfigurationList = 4AACDE951C2FC87100547A9C /* Build configuration list for PBXNativeTarget "RomanFacts" */;
			buildPhases = (
				4AACDE641C2FC87100547A9C /* Sources */,
				4AACDE651C2FC87100547A9C /* Frameworks */,
				4AACDE661C2FC87100547A9C /* Resources */,
			);
			buildRules = (
			);
			dependencies = (
			);
			name = RomanFacts;
			productName = RomanFacts;
			productReference = 4AACDE681C2FC87100547A9C /* RomanFacts.app */;
			productType = "com.apple.product-type.application";
		};
		4AACDE801C2FC87100547A9C /* RomanFactsTests */ = {
			isa = PBXNativeTarget;
			buildConfigurationList = 4AACDE981C2FC87100547A9C /* Build configuration list for PBXNativeTarget "RomanFactsTests" */;
			buildPhases = (
				4AACDE7D1C2FC87100547A9C /* Sources */,
				4AACDE7E1C2FC87100547A9C /* Frameworks */,
				4AACDE7F1C2FC87100547A9C /* Resources */,
			);
			buildRules = (
			);
			dependencies = (
				4AACDE831C2FC87100547A9C /* PBXTargetDependency */,
			);
			name = RomanFactsTests;
			productName = RomanFactsTests;
			productReference = 4AACDE811C2FC87100547A9C /* RomanFactsTests.xctest */;
			productType = "com.apple.product-type.bundle.unit-test";
		};
		4AACDE8B1C2FC87100547A9C /* RomanFactsUITests */ = {
			isa = PBXNativeTarget;
			buildConfigurationList = 4AACDE9B1C2FC87100547A9C /* Build configuration list for PBXNativeTarget "RomanFactsUITests" */;
			buildPhases = (
				4AACDE881C2FC87100547A9C /* Sources */,
				4AACDE891C2FC87100547A9C /* Frameworks */,
				4AACDE8A1C2FC87100547A9C /* Resources */,
			);
			buildRules = (
			);
			dependencies = (
				4AACDE8E1C2FC87100547A9C /* PBXTargetDependency */,
			);
			name = RomanFactsUITests;
			productName = RomanFactsUITests;
			productReference = 4AACDE8C1C2FC87100547A9C /* RomanFactsUITests.xctest */;
			productType = "com.apple.product-type.bundle.ui-testing";
		};
/* End PBXNativeTarget section */

/* Begin PBXProject section */
		4AACDE601C2FC87100547A9C /* Project object */ = {
			isa = PBXProject;
			attributes = {
				LastUpgradeCheck = 0700;
				ORGANIZATIONNAME = "Jacqueline Ali Cordoba";
				TargetAttributes = {
					4AACDE671C2FC87100547A9C = {
						CreatedOnToolsVersion = 7.0.1;
					};
					4AACDE801C2FC87100547A9C = {
						CreatedOnToolsVersion = 7.0.1;
						TestTargetID = 4AACDE671C2FC87100547A9C;
					};
					4AACDE8B1C2FC87100547A9C = {
						CreatedOnToolsVersion = 7.0.1;
						TestTargetID = 4AACDE671C2FC87100547A9C;
					};
				};
			};
			buildConfigurationList = 4AACDE631C2FC87100547A9C /* Build configuration list for PBXProject "RomanFacts" */;
			compatibilityVersion = "Xcode 3.2";
			developmentRegion = English;
			hasScannedForEncodings = 0;
			knownRegions = (
				en,
				Base,
			);
			mainGroup = 4AACDE5F1C2FC87100547A9C;
			productRefGroup = 4AACDE691C2FC87100547A9C /* Products */;
			projectDirPath = "";
			projectRoot = "";
			targets = (
				4AACDE671C2FC87100547A9C /* RomanFacts */,
				4AACDE801C2FC87100547A9C /* RomanFactsTests */,
				4AACDE8B1C2FC87100547A9C /* RomanFactsUITests */,
			);
		};
/* End PBXProject section */

/* Begin PBXResourcesBuildPhase section */
		4AACDE661C2FC87100547A9C /* Resources */ = {
			isa = PBXResourcesBuildPhase;
			buildActionMask = 2147483647;
			files = (
				4AACDE7B1C2FC87100547A9C /* LaunchScreen.storyboard in Resources */,
				4AACDE781C2FC87100547A9C /* Assets.xcassets in Resources */,
				4AACDE761C2FC87100547A9C /* Main.storyboard in Resources */,
			);
			runOnlyForDeploymentPostprocessing = 0;
		};
		4AACDE7F1C2FC87100547A9C /* Resources */ = {
			isa = PBXResourcesBuildPhase;
			buildActionMask = 2147483647;
			files = (
			);
			runOnlyForDeploymentPostprocessing = 0;
		};
		4AACDE8A1C2FC87100547A9C /* Resources */ = {
			isa = PBXResourcesBuildPhase;
			buildActionMask = 2147483647;
			files = (
			);
			runOnlyForDeploymentPostprocessing = 0;
		};
/* End PBXResourcesBuildPhase section */

/* Begin PBXSourcesBuildPhase section */
		4AACDE641C2FC87100547A9C /* Sources */ = {
			isa = PBXSourcesBuildPhase;
			buildActionMask = 2147483647;
			files = (
				4AACDE731C2FC87100547A9C /* FactDetailViewController.m in Sources */,
				4AACDE701C2FC87100547A9C /* AppDelegate.m in Sources */,
				4AACDEA01C2FCD3900547A9C /* FactBook.m in Sources */,
				4AAF9DC21C3214AB00B57FA9 /* FactCategoriesMasterDetailViewController.m in Sources */,
				4AACDE6D1C2FC87100547A9C /* main.m in Sources */,
				4AACDEA31C2FCD8900547A9C /* ColorWheel.m in Sources */,
			);
			runOnlyForDeploymentPostprocessing = 0;
		};
		4AACDE7D1C2FC87100547A9C /* Sources */ = {
			isa = PBXSourcesBuildPhase;
			buildActionMask = 2147483647;
			files = (
				4AACDE861C2FC87100547A9C /* RomanFactsTests.m in Sources */,
			);
			runOnlyForDeploymentPostprocessing = 0;
		};
		4AACDE881C2FC87100547A9C /* Sources */ = {
			isa = PBXSourcesBuildPhase;
			buildActionMask = 2147483647;
			files = (
				4AACDE911C2FC87100547A9C /* RomanFactsUITests.m in Sources */,
			);
			runOnlyForDeploymentPostprocessing = 0;
		};
/* End PBXSourcesBuildPhase section */

/* Begin PBXTargetDependency section */
		4AACDE831C2FC87100547A9C /* PBXTargetDependency */ = {
			isa = PBXTargetDependency;
			target = 4AACDE671C2FC87100547A9C /* RomanFacts */;
			targetProxy = 4AACDE821C2FC87100547A9C /* PBXContainerItemProxy */;
		};
		4AACDE8E1C2FC87100547A9C /* PBXTargetDependency */ = {
			isa = PBXTargetDependency;
			target = 4AACDE671C2FC87100547A9C /* RomanFacts */;
			targetProxy = 4AACDE8D1C2FC87100547A9C /* PBXContainerItemProxy */;
		};
/* End PBXTargetDependency section */

/* Begin PBXVariantGroup section */
		4AACDE741C2FC87100547A9C /* Main.storyboard */ = {
			isa = PBXVariantGroup;
			children = (
				4AACDE751C2FC87100547A9C /* Base */,
			);
			name = Main.storyboard;
			sourceTree = "<group>";
		};
		4AACDE791C2FC87100547A9C /* LaunchScreen.storyboard */ = {
			isa = PBXVariantGroup;
			children = (
				4AACDE7A1C2FC87100547A9C /* Base */,
			);
			name = LaunchScreen.storyboard;
			sourceTree = "<group>";
		};
/* End PBXVariantGroup section */

/* Begin XCBuildConfiguration section */
		4AACDE931C2FC87100547A9C /* Debug */ = {
			isa = XCBuildConfiguration;
			buildSettings = {
				ALWAYS_SEARCH_USER_PATHS = NO;
				CLANG_CXX_LANGUAGE_STANDARD = "gnu++0x";
				CLANG_CXX_LIBRARY = "libc++";
				CLANG_ENABLE_MODULES = YES;
				CLANG_ENABLE_OBJC_ARC = YES;
				CLANG_WARN_BOOL_CONVERSION = YES;
				CLANG_WARN_CONSTANT_CONVERSION = YES;
				CLANG_WARN_DIRECT_OBJC_ISA_USAGE = YES_ERROR;
				CLANG_WARN_EMPTY_BODY = YES;
				CLANG_WARN_ENUM_CONVERSION = YES;
				CLANG_WARN_INT_CONVERSION = YES;
				CLANG_WARN_OBJC_ROOT_CLASS = YES_ERROR;
				CLANG_WARN_UNREACHABLE_CODE = YES;
				CLANG_WARN__DUPLICATE_METHOD_MATCH = YES;
				"CODE_SIGN_IDENTITY[sdk=iphoneos*]" = "iPhone Developer";
				COPY_PHASE_STRIP = NO;
				DEBUG_INFORMATION_FORMAT = dwarf;
				ENABLE_STRICT_OBJC_MSGSEND = YES;
				ENABLE_TESTABILITY = YES;
				GCC_C_LANGUAGE_STANDARD = gnu99;
				GCC_DYNAMIC_NO_PIC = NO;
				GCC_NO_COMMON_BLOCKS = YES;
				GCC_OPTIMIZATION_LEVEL = 0;
				GCC_PREPROCESSOR_DEFINITIONS = (
					"DEBUG=1",
					"$(inherited)",
				);
				GCC_WARN_64_TO_32_BIT_CONVERSION = YES;
				GCC_WARN_ABOUT_RETURN_TYPE = YES_ERROR;
				GCC_WARN_UNDECLARED_SELECTOR = YES;
				GCC_WARN_UNINITIALIZED_AUTOS = YES_AGGRESSIVE;
				GCC_WARN_UNUSED_FUNCTION = YES;
				GCC_WARN_UNUSED_VARIABLE = YES;
				IPHONEOS_DEPLOYMENT_TARGET = 9.0;
				MTL_ENABLE_DEBUG_INFO = YES;
				ONLY_ACTIVE_ARCH = YES;
				SDKROOT = iphoneos;
			};
			name = Debug;
		};
		4AACDE941C2FC87100547A9C /* Release */ = {
			isa = XCBuildConfiguration;
			buildSettings = {
				ALWAYS_SEARCH_USER_PATHS = NO;
				CLANG_CXX_LANGUAGE_STANDARD = "gnu++0x";
				CLANG_CXX_LIBRARY = "libc++";
				CLANG_ENABLE_MODULES = YES;
				CLANG_ENABLE_OBJC_ARC = YES;
				CLANG_WARN_BOOL_CONVERSION = YES;
				CLANG_WARN_CONSTANT_CONVERSION = YES;
				CLANG_WARN_DIRECT_OBJC_ISA_USAGE = YES_ERROR;
				CLANG_WARN_EMPTY_BODY = YES;
				CLANG_WARN_ENUM_CONVERSION = YES;
				CLANG_WARN_INT_CONVERSION = YES;
				CLANG_WARN_OBJC_ROOT_CLASS = YES_ERROR;
				CLANG_WARN_UNREACHABLE_CODE = YES;
				CLANG_WARN__DUPLICATE_METHOD_MATCH = YES;
				"CODE_SIGN_IDENTITY[sdk=iphoneos*]" = "iPhone Developer";
				COPY_PHASE_STRIP = NO;
				DEBUG_INFORMATION_FORMAT = "dwarf-with-dsym";
				ENABLE_NS_ASSERTIONS = NO;
				ENABLE_STRICT_OBJC_MSGSEND = YES;
				GCC_C_LANGUAGE_STANDARD = gnu99;
				GCC_NO_COMMON_BLOCKS = YES;
				GCC_WARN_64_TO_32_BIT_CONVERSION = YES;
				GCC_WARN_ABOUT_RETURN_TYPE = YES_ERROR;
				GCC_WARN_UNDECLARED_SELECTOR = YES;
				GCC_WARN_UNINITIALIZED_AUTOS = YES_AGGRESSIVE;
				GCC_WARN_UNUSED_FUNCTION = YES;
				GCC_WARN_UNUSED_VARIABLE = YES;
				IPHONEOS_DEPLOYMENT_TARGET = 9.0;
				MTL_ENABLE_DEBUG_INFO = NO;
				SDKROOT = iphoneos;
				VALIDATE_PRODUCT = YES;
			};
			name = Release;
		};
		4AACDE961C2FC87100547A9C /* Debug */ = {
			isa = XCBuildConfiguration;
			buildSettings = {
				ASSETCATALOG_COMPILER_APPICON_NAME = AppIcon;
				INFOPLIST_FILE = RomanFacts/Info.plist;
				LD_RUNPATH_SEARCH_PATHS = "$(inherited) @executable_path/Frameworks";
				PRODUCT_BUNDLE_IDENTIFIER = me.jackieali.RomanFacts;
				PRODUCT_NAME = "$(TARGET_NAME)";
			};
			name = Debug;
		};
		4AACDE971C2FC87100547A9C /* Release */ = {
			isa = XCBuildConfiguration;
			buildSettings = {
				ASSETCATALOG_COMPILER_APPICON_NAME = AppIcon;
				INFOPLIST_FILE = RomanFacts/Info.plist;
				LD_RUNPATH_SEARCH_PATHS = "$(inherited) @executable_path/Frameworks";
				PRODUCT_BUNDLE_IDENTIFIER = me.jackieali.RomanFacts;
				PRODUCT_NAME = "$(TARGET_NAME)";
			};
			name = Release;
		};
		4AACDE991C2FC87100547A9C /* Debug */ = {
			isa = XCBuildConfiguration;
			buildSettings = {
				BUNDLE_LOADER = "$(TEST_HOST)";
				INFOPLIST_FILE = RomanFactsTests/Info.plist;
				LD_RUNPATH_SEARCH_PATHS = "$(inherited) @executable_path/Frameworks @loader_path/Frameworks";
				PRODUCT_BUNDLE_IDENTIFIER = me.jackieali.RomanFactsTests;
				PRODUCT_NAME = "$(TARGET_NAME)";
				TEST_HOST = "$(BUILT_PRODUCTS_DIR)/RomanFacts.app/RomanFacts";
			};
			name = Debug;
		};
		4AACDE9A1C2FC87100547A9C /* Release */ = {
			isa = XCBuildConfiguration;
			buildSettings = {
				BUNDLE_LOADER = "$(TEST_HOST)";
				INFOPLIST_FILE = RomanFactsTests/Info.plist;
				LD_RUNPATH_SEARCH_PATHS = "$(inherited) @executable_path/Frameworks @loader_path/Frameworks";
				PRODUCT_BUNDLE_IDENTIFIER = me.jackieali.RomanFactsTests;
				PRODUCT_NAME = "$(TARGET_NAME)";
				TEST_HOST = "$(BUILT_PRODUCTS_DIR)/RomanFacts.app/RomanFacts";
			};
			name = Release;
		};
		4AACDE9C1C2FC87100547A9C /* Debug */ = {
			isa = XCBuildConfiguration;
			buildSettings = {
				INFOPLIST_FILE = RomanFactsUITests/Info.plist;
				LD_RUNPATH_SEARCH_PATHS = "$(inherited) @executable_path/Frameworks @loader_path/Frameworks";
				PRODUCT_BUNDLE_IDENTIFIER = me.jackieali.RomanFactsUITests;
				PRODUCT_NAME = "$(TARGET_NAME)";
				TEST_TARGET_NAME = RomanFacts;
				USES_XCTRUNNER = YES;
			};
			name = Debug;
		};
		4AACDE9D1C2FC87100547A9C /* Release */ = {
			isa = XCBuildConfiguration;
			buildSettings = {
				INFOPLIST_FILE = RomanFactsUITests/Info.plist;
				LD_RUNPATH_SEARCH_PATHS = "$(inherited) @executable_path/Frameworks @loader_path/Frameworks";
				PRODUCT_BUNDLE_IDENTIFIER = me.jackieali.RomanFactsUITests;
				PRODUCT_NAME = "$(TARGET_NAME)";
				TEST_TARGET_NAME = RomanFacts;
				USES_XCTRUNNER = YES;
			};
			name = Release;
		};
/* End XCBuildConfiguration section */

/* Begin XCConfigurationList section */
		4AACDE631C2FC87100547A9C /* Build configuration list for PBXProject "RomanFacts" */ = {
			isa = XCConfigurationList;
			buildConfigurations = (
				4AACDE931C2FC87100547A9C /* Debug */,
				4AACDE941C2FC87100547A9C /* Release */,
			);
			defaultConfigurationIsVisible = 0;
			defaultConfigurationName = Release;
		};
		4AACDE951C2FC87100547A9C /* Build configuration list for PBXNativeTarget "RomanFacts" */ = {
			isa = XCConfigurationList;
			buildConfigurations = (
				4AACDE961C2FC87100547A9C /* Debug */,
				4AACDE971C2FC87100547A9C /* Release */,
			);
			defaultConfigurationIsVisible = 0;
			defaultConfigurationName = Release;
		};
		4AACDE981C2FC87100547A9C /* Build configuration list for PBXNativeTarget "RomanFactsTests" */ = {
			isa = XCConfigurationList;
			buildConfigurations = (
				4AACDE991C2FC87100547A9C /* Debug */,
				4AACDE9A1C2FC87100547A9C /* Release */,
			);
			defaultConfigurationIsVisible = 0;
			defaultConfigurationName = Release;
		};
		4AACDE9B1C2FC87100547A9C /* Build configuration list for PBXNativeTarget "RomanFactsUITests" */ = {
			isa = XCConfigurationList;
			buildConfigurations = (
				4AACDE9C1C2FC87100547A9C /* Debug */,
				4AACDE9D1C2FC87100547A9C /* Release */,
			);
			defaultConfigurationIsVisible = 0;
			defaultConfigurationName = Release;
		};
/* End XCConfigurationList section */
	};
	rootObject = 4AACDE601C2FC87100547A9C /* Project object */;
}
